
Microsoft Visual Studio Solution File, Format Version 12.00
# Visual Studio 15
VisualStudioVersion = 15.0.28010.2026
MinimumVisualStudioVersion = 10.0.40219.1
Project("{FAE04EC0-301F-11D3-BF4B-00C04F79EFBC}") = "RadiationChallenge", "RadiationChallenge\RadiationChallenge.csproj", "{57F620B4-B436-48D0-9C12-51477840B711}"
EndProject
Global
	GlobalSection(SolutionConfigurationPlatforms) = preSolution
		Debug|Any CPU = Debug|Any CPU
		Release|Any CPU = Release|Any CPU
	EndGlobalSection
	GlobalSection(ProjectConfigurationPlatforms) = postSolution
		{57F620B4-B436-48D0-9C12-51477840B711}.Debug|Any CPU.ActiveCfg = Debug|Any CPU
		{57F620B4-B436-48D0-9C12-51477840B711}.Debug|Any CPU.Build.0 = Debug|Any CPU
		{57F620B4-B436-48D0-9C12-51477840B711}.Release|Any CPU.ActiveCfg = Release|Any CPU
		{57F620B4-B436-48D0-9C12-51477840B711}.Release|Any CPU.Build.0 = Release|Any CPU
	EndGlobalSection
	GlobalSection(SolutionProperties) = preSolution
		HideSolutionNode = FALSE
	EndGlobalSection
	GlobalSection(ExtensibilityGlobals) = postSolution
		SolutionGuid = {427E4858-6957-45BB-9B99-729E2BC57662}
	EndGlobalSection
EndGlobal
